
Microsoft Visual Studio Solution File, Format Version 12.00
# Visual Studio Version 16
VisualStudioVersion = 16.0.29020.237
MinimumVisualStudioVersion = 10.0.40219.1
Project("{9A19103F-16F7-4668-BE54-9A1E7A4F7556}") = "ShopOnlineBackEnd", "ShopOnlineBackEnd\ShopOnlineBackEnd.csproj", "{72473785-BF68-42B0-BF60-841540EFAB12}"
EndProject
Project("{9A19103F-16F7-4668-BE54-9A1E7A4F7556}") = "ShopOnlineBackEnd_Data", "ShopOnlineBackEnd_Data\ShopOnlineBackEnd_Data.csproj", "{856A7A54-E44E-4CDC-AC33-910239FD96B6}"
EndProject
Global
	GlobalSection(SolutionConfigurationPlatforms) = preSolution
		Debug|Any CPU = Debug|Any CPU
		Release|Any CPU = Release|Any CPU
	EndGlobalSection
	GlobalSection(ProjectConfigurationPlatforms) = postSolution
		{72473785-BF68-42B0-BF60-841540EFAB12}.Debug|Any CPU.ActiveCfg = Debug|Any CPU
		{72473785-BF68-42B0-BF60-841540EFAB12}.Debug|Any CPU.Build.0 = Debug|Any CPU
		{72473785-BF68-42B0-BF60-841540EFAB12}.Release|Any CPU.ActiveCfg = Release|Any CPU
		{72473785-BF68-42B0-BF60-841540EFAB12}.Release|Any CPU.Build.0 = Release|Any CPU
		{856A7A54-E44E-4CDC-AC33-910239FD96B6}.Debug|Any CPU.ActiveCfg = Debug|Any CPU
		{856A7A54-E44E-4CDC-AC33-910239FD96B6}.Debug|Any CPU.Build.0 = Debug|Any CPU
		{856A7A54-E44E-4CDC-AC33-910239FD96B6}.Release|Any CPU.ActiveCfg = Release|Any CPU
		{856A7A54-E44E-4CDC-AC33-910239FD96B6}.Release|Any CPU.Build.0 = Release|Any CPU
	EndGlobalSection
	GlobalSection(SolutionProperties) = preSolution
		HideSolutionNode = FALSE
	EndGlobalSection
	GlobalSection(ExtensibilityGlobals) = postSolution
		SolutionGuid = {C4E1D4E7-741B-442E-BC01-0BD93FB85121}
	EndGlobalSection
EndGlobal
